// !$*UTF8*$!
{
	archiveVersion = 1;
	classes = {
	};
	objectVersion = 46;
	objects = {

/* Begin PBXBuildFile section */
		8511906C19F76A6800B03DF2 /* ABVideoViewController.m in Sources */ = {isa = PBXBuildFile; fileRef = 8511906A19F76A6800B03DF2 /* ABVideoViewController.m */; };
		8511906D19F76A6800B03DF2 /* ABVideoViewController.xib in Resources */ = {isa = PBXBuildFile; fileRef = 8511906B19F76A6800B03DF2 /* ABVideoViewController.xib */; };
		8511906F19F76A9D00B03DF2 /* AVFoundation.framework in Frameworks */ = {isa = PBXBuildFile; fileRef = 8511906E19F76A9D00B03DF2 /* AVFoundation.framework */; };
		8511907119F81FE800B03DF2 /* vid.mp4 in Resources */ = {isa = PBXBuildFile; fileRef = 8511907019F77BF200B03DF2 /* vid.mp4 */; };
		8511907619F829B000B03DF2 /* jeremy.mov in Resources */ = {isa = PBXBuildFile; fileRef = 8511907519F829B000B03DF2 /* jeremy.mov */; };
		856CD99819ECA1DE00C48C58 /* ABPresentDetailTransition.m in Sources */ = {isa = PBXBuildFile; fileRef = 856CD99719ECA1DE00C48C58 /* ABPresentDetailTransition.m */; };
		856CD99B19ECC3D100C48C58 /* ABPhotoController.m in Sources */ = {isa = PBXBuildFile; fileRef = 856CD99A19ECC3D100C48C58 /* ABPhotoController.m */; };
		856CD99E19ECDE8C00C48C58 /* ABDetailViewController.m in Sources */ = {isa = PBXBuildFile; fileRef = 856CD99D19ECDE8C00C48C58 /* ABDetailViewController.m */; };
		856CD9A119ECF91000C48C58 /* ABDismissDetailTransition.m in Sources */ = {isa = PBXBuildFile; fileRef = 856CD9A019ECF91000C48C58 /* ABDismissDetailTransition.m */; };
		85CE377519E5BA5F0044E5EC /* Foundation.framework in Frameworks */ = {isa = PBXBuildFile; fileRef = 85CE377419E5BA5F0044E5EC /* Foundation.framework */; };
		85CE377719E5BA5F0044E5EC /* CoreGraphics.framework in Frameworks */ = {isa = PBXBuildFile; fileRef = 85CE377619E5BA5F0044E5EC /* CoreGraphics.framework */; };
		85CE377919E5BA5F0044E5EC /* UIKit.framework in Frameworks */ = {isa = PBXBuildFile; fileRef = 85CE377819E5BA5F0044E5EC /* UIKit.framework */; };
		85CE377F19E5BA5F0044E5EC /* InfoPlist.strings in Resources */ = {isa = PBXBuildFile; fileRef = 85CE377D19E5BA5F0044E5EC /* InfoPlist.strings */; };
		85CE378119E5BA5F0044E5EC /* main.m in Sources */ = {isa = PBXBuildFile; fileRef = 85CE378019E5BA5F0044E5EC /* main.m */; };
		85CE378519E5BA5F0044E5EC /* ABAppDelegate.m in Sources */ = {isa = PBXBuildFile; fileRef = 85CE378419E5BA5F0044E5EC /* ABAppDelegate.m */; };
		85CE378719E5BA5F0044E5EC /* Images.xcassets in Resources */ = {isa = PBXBuildFile; fileRef = 85CE378619E5BA5F0044E5EC /* Images.xcassets */; };
		85CE378E19E5BA610044E5EC /* XCTest.framework in Frameworks */ = {isa = PBXBuildFile; fileRef = 85CE378D19E5BA610044E5EC /* XCTest.framework */; };
		85CE378F19E5BA610044E5EC /* Foundation.framework in Frameworks */ = {isa = PBXBuildFile; fileRef = 85CE377419E5BA5F0044E5EC /* Foundation.framework */; };
		85CE379019E5BA610044E5EC /* UIKit.framework in Frameworks */ = {isa = PBXBuildFile; fileRef = 85CE377819E5BA5F0044E5EC /* UIKit.framework */; };
		85CE379819E5BA620044E5EC /* InfoPlist.strings in Resources */ = {isa = PBXBuildFile; fileRef = 85CE379619E5BA620044E5EC /* InfoPlist.strings */; };
		85CE379A19E5BA620044E5EC /* Jeremy_FootageTests.m in Sources */ = {isa = PBXBuildFile; fileRef = 85CE379919E5BA620044E5EC /* Jeremy_FootageTests.m */; };
		85CE37A519E5BB460044E5EC /* ABCollectionViewController.m in Sources */ = {isa = PBXBuildFile; fileRef = 85CE37A419E5BB460044E5EC /* ABCollectionViewController.m */; };
		85CE37A819E64FA30044E5EC /* ABPhotoCell.m in Sources */ = {isa = PBXBuildFile; fileRef = 85CE37A719E64FA30044E5EC /* ABPhotoCell.m */; };
		85CE37AA19E651E80044E5EC /* daaaaaaaamn.PNG in Resources */ = {isa = PBXBuildFile; fileRef = 85CE37A919E651E80044E5EC /* daaaaaaaamn.PNG */; };
		AB6D0DB5037E4C1D3890B735 /* libPods.a in Frameworks */ = {isa = PBXBuildFile; fileRef = CDFE1C35A6E96621AF171B86 /* libPods.a */; };
/* End PBXBuildFile section */

/* Begin PBXContainerItemProxy section */
		85CE379119E5BA610044E5EC /* PBXContainerItemProxy */ = {
			isa = PBXContainerItemProxy;
			containerPortal = 85CE376919E5BA5F0044E5EC /* Project object */;
			proxyType = 1;
			remoteGlobalIDString = 85CE377019E5BA5F0044E5EC;
			remoteInfo = "Jeremy Footage";
		};
/* End PBXContainerItemProxy section */

/* Begin PBXFileReference section */
		731BB2FB690DD9393C87F5C6 /* Pods.debug.xcconfig */ = {isa = PBXFileReference; includeInIndex = 1; lastKnownFileType = text.xcconfig; name = Pods.debug.xcconfig; path = "Pods/Target Support Files/Pods/Pods.debug.xcconfig"; sourceTree = "<group>"; };
		8511906919F76A6800B03DF2 /* ABVideoViewController.h */ = {isa = PBXFileReference; fileEncoding = 4; lastKnownFileType = sourcecode.c.h; name = ABVideoViewController.h; path = ../ABVideoViewController.h; sourceTree = "<group>"; };
		8511906A19F76A6800B03DF2 /* ABVideoViewController.m */ = {isa = PBXFileReference; fileEncoding = 4; lastKnownFileType = sourcecode.c.objc; name = ABVideoViewController.m; path = ../ABVideoViewController.m; sourceTree = "<group>"; };
		8511906B19F76A6800B03DF2 /* ABVideoViewController.xib */ = {isa = PBXFileReference; fileEncoding = 4; lastKnownFileType = file.xib; name = ABVideoViewController.xib; path = ../ABVideoViewController.xib; sourceTree = "<group>"; };
		8511906E19F76A9D00B03DF2 /* AVFoundation.framework */ = {isa = PBXFileReference; lastKnownFileType = wrapper.framework; name = AVFoundation.framework; path = System/Library/Frameworks/AVFoundation.framework; sourceTree = SDKROOT; };
		8511907019F77BF200B03DF2 /* vid.mp4 */ = {isa = PBXFileReference; lastKnownFileType = file; name = vid.mp4; path = ../vid.mp4; sourceTree = "<group>"; };
		8511907519F829B000B03DF2 /* jeremy.mov */ = {isa = PBXFileReference; lastKnownFileType = video.quicktime; path = jeremy.mov; sourceTree = "<group>"; };
		856CD99619ECA1DE00C48C58 /* ABPresentDetailTransition.h */ = {isa = PBXFileReference; fileEncoding = 4; lastKnownFileType = sourcecode.c.h; name = ABPresentDetailTransition.h; path = ../ABPresentDetailTransition.h; sourceTree = "<group>"; };
		856CD99719ECA1DE00C48C58 /* ABPresentDetailTransition.m */ = {isa = PBXFileReference; fileEncoding = 4; lastKnownFileType = sourcecode.c.objc; name = ABPresentDetailTransition.m; path = ../ABPresentDetailTransition.m; sourceTree = "<group>"; };
		856CD99919ECC3D100C48C58 /* ABPhotoController.h */ = {isa = PBXFileReference; fileEncoding = 4; lastKnownFileType = sourcecode.c.h; name = ABPhotoController.h; path = ../ABPhotoController.h; sourceTree = "<group>"; };
		856CD99A19ECC3D100C48C58 /* ABPhotoController.m */ = {isa = PBXFileReference; fileEncoding = 4; lastKnownFileType = sourcecode.c.objc; name = ABPhotoController.m; path = ../ABPhotoController.m; sourceTree = "<group>"; };
		856CD99C19ECDE8C00C48C58 /* ABDetailViewController.h */ = {isa = PBXFileReference; fileEncoding = 4; lastKnownFileType = sourcecode.c.h; name = ABDetailViewController.h; path = ../ABDetailViewController.h; sourceTree = "<group>"; };
		856CD99D19ECDE8C00C48C58 /* ABDetailViewController.m */ = {isa = PBXFileReference; fileEncoding = 4; lastKnownFileType = sourcecode.c.objc; name = ABDetailViewController.m; path = ../ABDetailViewController.m; sourceTree = "<group>"; };
		856CD99F19ECF91000C48C58 /* ABDismissDetailTransition.h */ = {isa = PBXFileReference; fileEncoding = 4; lastKnownFileType = sourcecode.c.h; name = ABDismissDetailTransition.h; path = ../ABDismissDetailTransition.h; sourceTree = "<group>"; };
		856CD9A019ECF91000C48C58 /* ABDismissDetailTransition.m */ = {isa = PBXFileReference; fileEncoding = 4; lastKnownFileType = sourcecode.c.objc; name = ABDismissDetailTransition.m; path = ../ABDismissDetailTransition.m; sourceTree = "<group>"; };
		85CE377119E5BA5F0044E5EC /* Jeremy Footage.app */ = {isa = PBXFileReference; explicitFileType = wrapper.application; includeInIndex = 0; path = "Jeremy Footage.app"; sourceTree = BUILT_PRODUCTS_DIR; };
		85CE377419E5BA5F0044E5EC /* Foundation.framework */ = {isa = PBXFileReference; lastKnownFileType = wrapper.framework; name = Foundation.framework; path = System/Library/Frameworks/Foundation.framework; sourceTree = SDKROOT; };
		85CE377619E5BA5F0044E5EC /* CoreGraphics.framework */ = {isa = PBXFileReference; lastKnownFileType = wrapper.framework; name = CoreGraphics.framework; path = System/Library/Frameworks/CoreGraphics.framework; sourceTree = SDKROOT; };
		85CE377819E5BA5F0044E5EC /* UIKit.framework */ = {isa = PBXFileReference; lastKnownFileType = wrapper.framework; name = UIKit.framework; path = System/Library/Frameworks/UIKit.framework; sourceTree = SDKROOT; };
		85CE377C19E5BA5F0044E5EC /* Jeremy Footage-Info.plist */ = {isa = PBXFileReference; lastKnownFileType = text.plist.xml; path = "Jeremy Footage-Info.plist"; sourceTree = "<group>"; };
		85CE377E19E5BA5F0044E5EC /* en */ = {isa = PBXFileReference; lastKnownFileType = text.plist.strings; name = en; path = en.lproj/InfoPlist.strings; sourceTree = "<group>"; };
		85CE378019E5BA5F0044E5EC /* main.m */ = {isa = PBXFileReference; lastKnownFileType = sourcecode.c.objc; path = main.m; sourceTree = "<group>"; };
		85CE378219E5BA5F0044E5EC /* Jeremy Footage-Prefix.pch */ = {isa = PBXFileReference; lastKnownFileType = sourcecode.c.h; path = "Jeremy Footage-Prefix.pch"; sourceTree = "<group>"; };
		85CE378319E5BA5F0044E5EC /* ABAppDelegate.h */ = {isa = PBXFileReference; lastKnownFileType = sourcecode.c.h; path = ABAppDelegate.h; sourceTree = "<group>"; };
		85CE378419E5BA5F0044E5EC /* ABAppDelegate.m */ = {isa = PBXFileReference; lastKnownFileType = sourcecode.c.objc; path = ABAppDelegate.m; sourceTree = "<group>"; };
		85CE378619E5BA5F0044E5EC /* Images.xcassets */ = {isa = PBXFileReference; lastKnownFileType = folder.assetcatalog; path = Images.xcassets; sourceTree = "<group>"; };
		85CE378C19E5BA610044E5EC /* Jeremy FootageTests.xctest */ = {isa = PBXFileReference; explicitFileType = wrapper.cfbundle; includeInIndex = 0; path = "Jeremy FootageTests.xctest"; sourceTree = BUILT_PRODUCTS_DIR; };
		85CE378D19E5BA610044E5EC /* XCTest.framework */ = {isa = PBXFileReference; lastKnownFileType = wrapper.framework; name = XCTest.framework; path = Library/Frameworks/XCTest.framework; sourceTree = DEVELOPER_DIR; };
		85CE379519E5BA620044E5EC /* Jeremy FootageTests-Info.plist */ = {isa = PBXFileReference; lastKnownFileType = text.plist.xml; path = "Jeremy FootageTests-Info.plist"; sourceTree = "<group>"; };
		85CE379719E5BA620044E5EC /* en */ = {isa = PBXFileReference; lastKnownFileType = text.plist.strings; name = en; path = en.lproj/InfoPlist.strings; sourceTree = "<group>"; };
		85CE379919E5BA620044E5EC /* Jeremy_FootageTests.m */ = {isa = PBXFileReference; lastKnownFileType = sourcecode.c.objc; path = Jeremy_FootageTests.m; sourceTree = "<group>"; };
		85CE37A319E5BB460044E5EC /* ABCollectionViewController.h */ = {isa = PBXFileReference; fileEncoding = 4; lastKnownFileType = sourcecode.c.h; name = ABCollectionViewController.h; path = ../ABCollectionViewController.h; sourceTree = "<group>"; };
		85CE37A419E5BB460044E5EC /* ABCollectionViewController.m */ = {isa = PBXFileReference; fileEncoding = 4; lastKnownFileType = sourcecode.c.objc; name = ABCollectionViewController.m; path = ../ABCollectionViewController.m; sourceTree = "<group>"; };
		85CE37A619E64FA30044E5EC /* ABPhotoCell.h */ = {isa = PBXFileReference; fileEncoding = 4; lastKnownFileType = sourcecode.c.h; name = ABPhotoCell.h; path = ../ABPhotoCell.h; sourceTree = "<group>"; };
		85CE37A719E64FA30044E5EC /* ABPhotoCell.m */ = {isa = PBXFileReference; fileEncoding = 4; lastKnownFileType = sourcecode.c.objc; name = ABPhotoCell.m; path = ../ABPhotoCell.m; sourceTree = "<group>"; };
		85CE37A919E651E80044E5EC /* daaaaaaaamn.PNG */ = {isa = PBXFileReference; lastKnownFileType = image.png; path = daaaaaaaamn.PNG; sourceTree = "<group>"; };
		85CE37AD19E6F2820044E5EC /* Podfile */ = {isa = PBXFileReference; lastKnownFileType = text; path = Podfile; sourceTree = "<group>"; xcLanguageSpecificationIdentifier = xcode.lang.ruby; };
		9E8FAF195CCD63C1DE791A4E /* Pods.release.xcconfig */ = {isa = PBXFileReference; includeInIndex = 1; lastKnownFileType = text.xcconfig; name = Pods.release.xcconfig; path = "Pods/Target Support Files/Pods/Pods.release.xcconfig"; sourceTree = "<group>"; };
		CDFE1C35A6E96621AF171B86 /* libPods.a */ = {isa = PBXFileReference; explicitFileType = archive.ar; includeInIndex = 0; path = libPods.a; sourceTree = BUILT_PRODUCTS_DIR; };
/* End PBXFileReference section */

/* Begin PBXFrameworksBuildPhase section */
		85CE376E19E5BA5F0044E5EC /* Frameworks */ = {
			isa = PBXFrameworksBuildPhase;
			buildActionMask = 2147483647;
			files = (
				8511906F19F76A9D00B03DF2 /* AVFoundation.framework in Frameworks */,
				85CE377719E5BA5F0044E5EC /* CoreGraphics.framework in Frameworks */,
				85CE377919E5BA5F0044E5EC /* UIKit.framework in Frameworks */,
				85CE377519E5BA5F0044E5EC /* Foundation.framework in Frameworks */,
				AB6D0DB5037E4C1D3890B735 /* libPods.a in Frameworks */,
			);
			runOnlyForDeploymentPostprocessing = 0;
		};
		85CE378919E5BA610044E5EC /* Frameworks */ = {
			isa = PBXFrameworksBuildPhase;
			buildActionMask = 2147483647;
			files = (
				85CE378E19E5BA610044E5EC /* XCTest.framework in Frameworks */,
				85CE379019E5BA610044E5EC /* UIKit.framework in Frameworks */,
				85CE378F19E5BA610044E5EC /* Foundation.framework in Frameworks */,
			);
			runOnlyForDeploymentPostprocessing = 0;
		};
/* End PBXFrameworksBuildPhase section */

/* Begin PBXGroup section */
		819E97C0BD743F4CE7B2508F /* Pods */ = {
			isa = PBXGroup;
			children = (
				731BB2FB690DD9393C87F5C6 /* Pods.debug.xcconfig */,
				9E8FAF195CCD63C1DE791A4E /* Pods.release.xcconfig */,
			);
			name = Pods;
			sourceTree = "<group>";
		};
		85CE376819E5BA5F0044E5EC = {
			isa = PBXGroup;
			children = (
				85CE37AD19E6F2820044E5EC /* Podfile */,
				85CE377A19E5BA5F0044E5EC /* Jeremy Footage */,
				85CE379319E5BA610044E5EC /* Jeremy FootageTests */,
				85CE377319E5BA5F0044E5EC /* Frameworks */,
				85CE377219E5BA5F0044E5EC /* Products */,
				819E97C0BD743F4CE7B2508F /* Pods */,
			);
			sourceTree = "<group>";
		};
		85CE377219E5BA5F0044E5EC /* Products */ = {
			isa = PBXGroup;
			children = (
				85CE377119E5BA5F0044E5EC /* Jeremy Footage.app */,
				85CE378C19E5BA610044E5EC /* Jeremy FootageTests.xctest */,
			);
			name = Products;
			sourceTree = "<group>";
		};
		85CE377319E5BA5F0044E5EC /* Frameworks */ = {
			isa = PBXGroup;
			children = (
				8511906E19F76A9D00B03DF2 /* AVFoundation.framework */,
				85CE377419E5BA5F0044E5EC /* Foundation.framework */,
				85CE377619E5BA5F0044E5EC /* CoreGraphics.framework */,
				85CE377819E5BA5F0044E5EC /* UIKit.framework */,
				85CE378D19E5BA610044E5EC /* XCTest.framework */,
				CDFE1C35A6E96621AF171B86 /* libPods.a */,
			);
			name = Frameworks;
			sourceTree = "<group>";
		};
		85CE377A19E5BA5F0044E5EC /* Jeremy Footage */ = {
			isa = PBXGroup;
			children = (
				8511907519F829B000B03DF2 /* jeremy.mov */,
				85CE378319E5BA5F0044E5EC /* ABAppDelegate.h */,
				85CE378419E5BA5F0044E5EC /* ABAppDelegate.m */,
				8511906919F76A6800B03DF2 /* ABVideoViewController.h */,
				8511906A19F76A6800B03DF2 /* ABVideoViewController.m */,
				8511906B19F76A6800B03DF2 /* ABVideoViewController.xib */,
				8511907019F77BF200B03DF2 /* vid.mp4 */,
				85CE37A319E5BB460044E5EC /* ABCollectionViewController.h */,
				85CE37A419E5BB460044E5EC /* ABCollectionViewController.m */,
				85CE37A619E64FA30044E5EC /* ABPhotoCell.h */,
				85CE37A719E64FA30044E5EC /* ABPhotoCell.m */,
				856CD99919ECC3D100C48C58 /* ABPhotoController.h */,
				856CD99A19ECC3D100C48C58 /* ABPhotoController.m */,
				856CD99C19ECDE8C00C48C58 /* ABDetailViewController.h */,
				856CD99D19ECDE8C00C48C58 /* ABDetailViewController.m */,
				856CD99619ECA1DE00C48C58 /* ABPresentDetailTransition.h */,
				856CD99719ECA1DE00C48C58 /* ABPresentDetailTransition.m */,
				856CD99F19ECF91000C48C58 /* ABDismissDetailTransition.h */,
				856CD9A019ECF91000C48C58 /* ABDismissDetailTransition.m */,
				85CE378619E5BA5F0044E5EC /* Images.xcassets */,
				85CE377B19E5BA5F0044E5EC /* Supporting Files */,
			);
			path = "Jeremy Footage";
			sourceTree = "<group>";
		};
		85CE377B19E5BA5F0044E5EC /* Supporting Files */ = {
			isa = PBXGroup;
			children = (
				85CE37A919E651E80044E5EC /* daaaaaaaamn.PNG */,
				85CE377C19E5BA5F0044E5EC /* Jeremy Footage-Info.plist */,
				85CE377D19E5BA5F0044E5EC /* InfoPlist.strings */,
				85CE378019E5BA5F0044E5EC /* main.m */,
				85CE378219E5BA5F0044E5EC /* Jeremy Footage-Prefix.pch */,
			);
			name = "Supporting Files";
			sourceTree = "<group>";
		};
		85CE379319E5BA610044E5EC /* Jeremy FootageTests */ = {
			isa = PBXGroup;
			children = (
				85CE379919E5BA620044E5EC /* Jeremy_FootageTests.m */,
				85CE379419E5BA620044E5EC /* Supporting Files */,
			);
			path = "Jeremy FootageTests";
			sourceTree = "<group>";
		};
		85CE379419E5BA620044E5EC /* Supporting Files */ = {
			isa = PBXGroup;
			children = (
				85CE379519E5BA620044E5EC /* Jeremy FootageTests-Info.plist */,
				85CE379619E5BA620044E5EC /* InfoPlist.strings */,
			);
			name = "Supporting Files";
			sourceTree = "<group>";
		};
/* End PBXGroup section */

/* Begin PBXNativeTarget section */
		85CE377019E5BA5F0044E5EC /* Jeremy Footage */ = {
			isa = PBXNativeTarget;
			buildConfigurationList = 85CE379D19E5BA620044E5EC /* Build configuration list for PBXNativeTarget "Jeremy Footage" */;
			buildPhases = (
				91A1ED87B51C0F24166900D5 /* Check Pods Manifest.lock */,
				85CE376D19E5BA5F0044E5EC /* Sources */,
				85CE376E19E5BA5F0044E5EC /* Frameworks */,
				85CE376F19E5BA5F0044E5EC /* Resources */,
				E4ADB47A81594456DC7E235E /* Copy Pods Resources */,
			);
			buildRules = (
			);
			dependencies = (
			);
			name = "Jeremy Footage";
			productName = "Jeremy Footage";
			productReference = 85CE377119E5BA5F0044E5EC /* Jeremy Footage.app */;
			productType = "com.apple.product-type.application";
		};
		85CE378B19E5BA610044E5EC /* Jeremy FootageTests */ = {
			isa = PBXNativeTarget;
			buildConfigurationList = 85CE37A019E5BA620044E5EC /* Build configuration list for PBXNativeTarget "Jeremy FootageTests" */;
			buildPhases = (
				85CE378819E5BA610044E5EC /* Sources */,
				85CE378919E5BA610044E5EC /* Frameworks */,
				85CE378A19E5BA610044E5EC /* Resources */,
			);
			buildRules = (
			);
			dependencies = (
				85CE379219E5BA610044E5EC /* PBXTargetDependency */,
			);
			name = "Jeremy FootageTests";
			productName = "Jeremy FootageTests";
			productReference = 85CE378C19E5BA610044E5EC /* Jeremy FootageTests.xctest */;
			productType = "com.apple.product-type.bundle.unit-test";
		};
/* End PBXNativeTarget section */

/* Begin PBXProject section */
		85CE376919E5BA5F0044E5EC /* Project object */ = {
			isa = PBXProject;
			attributes = {
				CLASSPREFIX = AB;
				LastUpgradeCheck = 0510;
				ORGANIZATIONNAME = "Asteroid Blues";
				TargetAttributes = {
					85CE378B19E5BA610044E5EC = {
						TestTargetID = 85CE377019E5BA5F0044E5EC;
					};
				};
			};
			buildConfigurationList = 85CE376C19E5BA5F0044E5EC /* Build configuration list for PBXProject "Jeremy Footage" */;
			compatibilityVersion = "Xcode 3.2";
			developmentRegion = English;
			hasScannedForEncodings = 0;
			knownRegions = (
				en,
			);
			mainGroup = 85CE376819E5BA5F0044E5EC;
			productRefGroup = 85CE377219E5BA5F0044E5EC /* Products */;
			projectDirPath = "";
			projectRoot = "";
			targets = (
				85CE377019E5BA5F0044E5EC /* Jeremy Footage */,
				85CE378B19E5BA610044E5EC /* Jeremy FootageTests */,
			);
		};
/* End PBXProject section */

/* Begin PBXResourcesBuildPhase section */
		85CE376F19E5BA5F0044E5EC /* Resources */ = {
			isa = PBXResourcesBuildPhase;
			buildActionMask = 2147483647;
			files = (
				85CE377F19E5BA5F0044E5EC /* InfoPlist.strings in Resources */,
				85CE378719E5BA5F0044E5EC /* Images.xcassets in Resources */,
				8511907619F829B000B03DF2 /* jeremy.mov in Resources */,
				85CE37AA19E651E80044E5EC /* daaaaaaaamn.PNG in Resources */,
				8511907119F81FE800B03DF2 /* vid.mp4 in Resources */,
				8511906D19F76A6800B03DF2 /* ABVideoViewController.xib in Resources */,
			);
			runOnlyForDeploymentPostprocessing = 0;
		};
		85CE378A19E5BA610044E5EC /* Resources */ = {
			isa = PBXResourcesBuildPhase;
			buildActionMask = 2147483647;
			files = (
				85CE379819E5BA620044E5EC /* InfoPlist.strings in Resources */,
			);
			runOnlyForDeploymentPostprocessing = 0;
		};
/* End PBXResourcesBuildPhase section */

/* Begin PBXShellScriptBuildPhase section */
		91A1ED87B51C0F24166900D5 /* Check Pods Manifest.lock */ = {
			isa = PBXShellScriptBuildPhase;
			buildActionMask = 2147483647;
			files = (
			);
			inputPaths = (
			);
			name = "Check Pods Manifest.lock";
			outputPaths = (
			);
			runOnlyForDeploymentPostprocessing = 0;
			shellPath = /bin/sh;
			shellScript = "diff \"${PODS_ROOT}/../Podfile.lock\" \"${PODS_ROOT}/Manifest.lock\" > /dev/null\nif [[ $? != 0 ]] ; then\n    cat << EOM\nerror: The sandbox is not in sync with the Podfile.lock. Run 'pod install' or update your CocoaPods installation.\nEOM\n    exit 1\nfi\n";
			showEnvVarsInLog = 0;
		};
		E4ADB47A81594456DC7E235E /* Copy Pods Resources */ = {
			isa = PBXShellScriptBuildPhase;
			buildActionMask = 2147483647;
			files = (
			);
			inputPaths = (
			);
			name = "Copy Pods Resources";
			outputPaths = (
			);
			runOnlyForDeploymentPostprocessing = 0;
			shellPath = /bin/sh;
			shellScript = "\"${SRCROOT}/Pods/Target Support Files/Pods/Pods-resources.sh\"\n";
			showEnvVarsInLog = 0;
		};
/* End PBXShellScriptBuildPhase section */

/* Begin PBXSourcesBuildPhase section */
		85CE376D19E5BA5F0044E5EC /* Sources */ = {
			isa = PBXSourcesBuildPhase;
			buildActionMask = 2147483647;
			files = (
				8511906C19F76A6800B03DF2 /* ABVideoViewController.m in Sources */,
				85CE37A519E5BB460044E5EC /* ABCollectionViewController.m in Sources */,
				85CE37A819E64FA30044E5EC /* ABPhotoCell.m in Sources */,
				85CE378119E5BA5F0044E5EC /* main.m in Sources */,
				856CD9A119ECF91000C48C58 /* ABDismissDetailTransition.m in Sources */,
				856CD99B19ECC3D100C48C58 /* ABPhotoController.m in Sources */,
				856CD99819ECA1DE00C48C58 /* ABPresentDetailTransition.m in Sources */,
				85CE378519E5BA5F0044E5EC /* ABAppDelegate.m in Sources */,
				856CD99E19ECDE8C00C48C58 /* ABDetailViewController.m in Sources */,
			);
			runOnlyForDeploymentPostprocessing = 0;
		};
		85CE378819E5BA610044E5EC /* Sources */ = {
			isa = PBXSourcesBuildPhase;
			buildActionMask = 2147483647;
			files = (
				85CE379A19E5BA620044E5EC /* Jeremy_FootageTests.m in Sources */,
			);
			runOnlyForDeploymentPostprocessing = 0;
		};
/* End PBXSourcesBuildPhase section */

/* Begin PBXTargetDependency section */
		85CE379219E5BA610044E5EC /* PBXTargetDependency */ = {
			isa = PBXTargetDependency;
			target = 85CE377019E5BA5F0044E5EC /* Jeremy Footage */;
			targetProxy = 85CE379119E5BA610044E5EC /* PBXContainerItemProxy */;
		};
/* End PBXTargetDependency section */

/* Begin PBXVariantGroup section */
		85CE377D19E5BA5F0044E5EC /* InfoPlist.strings */ = {
			isa = PBXVariantGroup;
			children = (
				85CE377E19E5BA5F0044E5EC /* en */,
			);
			name = InfoPlist.strings;
			sourceTree = "<group>";
		};
		85CE379619E5BA620044E5EC /* InfoPlist.strings */ = {
			isa = PBXVariantGroup;
			children = (
				85CE379719E5BA620044E5EC /* en */,
			);
			name = InfoPlist.strings;
			sourceTree = "<group>";
		};
/* End PBXVariantGroup section */

/* Begin XCBuildConfiguration section */
		85CE379B19E5BA620044E5EC /* Debug */ = {
			isa = XCBuildConfiguration;
			buildSettings = {
				ALWAYS_SEARCH_USER_PATHS = NO;
				CLANG_CXX_LANGUAGE_STANDARD = "gnu++0x";
				CLANG_CXX_LIBRARY = "libc++";
				CLANG_ENABLE_MODULES = YES;
				CLANG_ENABLE_OBJC_ARC = YES;
				CLANG_WARN_BOOL_CONVERSION = YES;
				CLANG_WARN_CONSTANT_CONVERSION = YES;
				CLANG_WARN_DIRECT_OBJC_ISA_USAGE = YES_ERROR;
				CLANG_WARN_EMPTY_BODY = YES;
				CLANG_WARN_ENUM_CONVERSION = YES;
				CLANG_WARN_INT_CONVERSION = YES;
				CLANG_WARN_OBJC_ROOT_CLASS = YES_ERROR;
				CLANG_WARN__DUPLICATE_METHOD_MATCH = YES;
				"CODE_SIGN_IDENTITY[sdk=iphoneos*]" = "iPhone Developer";
				COPY_PHASE_STRIP = NO;
				GCC_C_LANGUAGE_STANDARD = gnu99;
				GCC_DYNAMIC_NO_PIC = NO;
				GCC_OPTIMIZATION_LEVEL = 0;
				GCC_PREPROCESSOR_DEFINITIONS = (
					"DEBUG=1",
					"$(inherited)",
				);
				GCC_SYMBOLS_PRIVATE_EXTERN = NO;
				GCC_WARN_64_TO_32_BIT_CONVERSION = YES;
				GCC_WARN_ABOUT_RETURN_TYPE = YES_ERROR;
				GCC_WARN_UNDECLARED_SELECTOR = YES;
				GCC_WARN_UNINITIALIZED_AUTOS = YES_AGGRESSIVE;
				GCC_WARN_UNUSED_FUNCTION = YES;
				GCC_WARN_UNUSED_VARIABLE = YES;
				IPHONEOS_DEPLOYMENT_TARGET = 7.1;
				ONLY_ACTIVE_ARCH = YES;
				SDKROOT = iphoneos;
			};
			name = Debug;
		};
		85CE379C19E5BA620044E5EC /* Release */ = {
			isa = XCBuildConfiguration;
			buildSettings = {
				ALWAYS_SEARCH_USER_PATHS = NO;
				CLANG_CXX_LANGUAGE_STANDARD = "gnu++0x";
				CLANG_CXX_LIBRARY = "libc++";
				CLANG_ENABLE_MODULES = YES;
				CLANG_ENABLE_OBJC_ARC = YES;
				CLANG_WARN_BOOL_CONVERSION = YES;
				CLANG_WARN_CONSTANT_CONVERSION = YES;
				CLANG_WARN_DIRECT_OBJC_ISA_USAGE = YES_ERROR;
				CLANG_WARN_EMPTY_BODY = YES;
				CLANG_WARN_ENUM_CONVERSION = YES;
				CLANG_WARN_INT_CONVERSION = YES;
				CLANG_WARN_OBJC_ROOT_CLASS = YES_ERROR;
				CLANG_WARN__DUPLICATE_METHOD_MATCH = YES;
				"CODE_SIGN_IDENTITY[sdk=iphoneos*]" = "iPhone Developer";
				COPY_PHASE_STRIP = YES;
				ENABLE_NS_ASSERTIONS = NO;
				GCC_C_LANGUAGE_STANDARD = gnu99;
				GCC_WARN_64_TO_32_BIT_CONVERSION = YES;
				GCC_WARN_ABOUT_RETURN_TYPE = YES_ERROR;
				GCC_WARN_UNDECLARED_SELECTOR = YES;
				GCC_WARN_UNINITIALIZED_AUTOS = YES_AGGRESSIVE;
				GCC_WARN_UNUSED_FUNCTION = YES;
				GCC_WARN_UNUSED_VARIABLE = YES;
				IPHONEOS_DEPLOYMENT_TARGET = 7.1;
				SDKROOT = iphoneos;
				VALIDATE_PRODUCT = YES;
			};
			name = Release;
		};
		85CE379E19E5BA620044E5EC /* Debug */ = {
			isa = XCBuildConfiguration;
			baseConfigurationReference = 731BB2FB690DD9393C87F5C6 /* Pods.debug.xcconfig */;
			buildSettings = {
				ASSETCATALOG_COMPILER_APPICON_NAME = AppIcon;
				ASSETCATALOG_COMPILER_LAUNCHIMAGE_NAME = LaunchImage;
				GCC_PRECOMPILE_PREFIX_HEADER = YES;
				GCC_PREFIX_HEADER = "Jeremy Footage/Jeremy Footage-Prefix.pch";
				INFOPLIST_FILE = "Jeremy Footage/Jeremy Footage-Info.plist";
				PRODUCT_NAME = "$(TARGET_NAME)";
				WRAPPER_EXTENSION = app;
			};
			name = Debug;
		};
		85CE379F19E5BA620044E5EC /* Release */ = {
			isa = XCBuildConfiguration;
			baseConfigurationReference = 9E8FAF195CCD63C1DE791A4E /* Pods.release.xcconfig */;
			buildSettings = {
				ASSETCATALOG_COMPILER_APPICON_NAME = AppIcon;
				ASSETCATALOG_COMPILER_LAUNCHIMAGE_NAME = LaunchImage;
				GCC_PRECOMPILE_PREFIX_HEADER = YES;
				GCC_PREFIX_HEADER = "Jeremy Footage/Jeremy Footage-Prefix.pch";
				INFOPLIST_FILE = "Jeremy Footage/Jeremy Footage-Info.plist";
				PRODUCT_NAME = "$(TARGET_NAME)";
				WRAPPER_EXTENSION = app;
			};
			name = Release;
		};
		85CE37A119E5BA620044E5EC /* Debug */ = {
			isa = XCBuildConfiguration;
			buildSettings = {
				BUNDLE_LOADER = "$(BUILT_PRODUCTS_DIR)/Jeremy Footage.app/Jeremy Footage";
				FRAMEWORK_SEARCH_PATHS = (
					"$(SDKROOT)/Developer/Library/Frameworks",
					"$(inherited)",
					"$(DEVELOPER_FRAMEWORKS_DIR)",
				);
				GCC_PRECOMPILE_PREFIX_HEADER = YES;
				GCC_PREFIX_HEADER = "Jeremy Footage/Jeremy Footage-Prefix.pch";
				GCC_PREPROCESSOR_DEFINITIONS = (
					"DEBUG=1",
					"$(inherited)",
				);
				INFOPLIST_FILE = "Jeremy FootageTests/Jeremy FootageTests-Info.plist";
				PRODUCT_NAME = "$(TARGET_NAME)";
				TEST_HOST = "$(BUNDLE_LOADER)";
				WRAPPER_EXTENSION = xctest;
			};
			name = Debug;
		};
		85CE37A219E5BA620044E5EC /* Release */ = {
			isa = XCBuildConfiguration;
			buildSettings = {
				BUNDLE_LOADER = "$(BUILT_PRODUCTS_DIR)/Jeremy Footage.app/Jeremy Footage";
				FRAMEWORK_SEARCH_PATHS = (
					"$(SDKROOT)/Developer/Library/Frameworks",
					"$(inherited)",
					"$(DEVELOPER_FRAMEWORKS_DIR)",
				);
				GCC_PRECOMPILE_PREFIX_HEADER = YES;
				GCC_PREFIX_HEADER = "Jeremy Footage/Jeremy Footage-Prefix.pch";
				INFOPLIST_FILE = "Jeremy FootageTests/Jeremy FootageTests-Info.plist";
				PRODUCT_NAME = "$(TARGET_NAME)";
				TEST_HOST = "$(BUNDLE_LOADER)";
				WRAPPER_EXTENSION = xctest;
			};
			name = Release;
		};
/* End XCBuildConfiguration section */

/* Begin XCConfigurationList section */
		85CE376C19E5BA5F0044E5EC /* Build configuration list for PBXProject "Jeremy Footage" */ = {
			isa = XCConfigurationList;
			buildConfigurations = (
				85CE379B19E5BA620044E5EC /* Debug */,
				85CE379C19E5BA620044E5EC /* Release */,
			);
			defaultConfigurationIsVisible = 0;
			defaultConfigurationName = Release;
		};
		85CE379D19E5BA620044E5EC /* Build configuration list for PBXNativeTarget "Jeremy Footage" */ = {
			isa = XCConfigurationList;
			buildConfigurations = (
				85CE379E19E5BA620044E5EC /* Debug */,
				85CE379F19E5BA620044E5EC /* Release */,
			);
			defaultConfigurationIsVisible = 0;
			defaultConfigurationName = Release;
		};
		85CE37A019E5BA620044E5EC /* Build configuration list for PBXNativeTarget "Jeremy FootageTests" */ = {
			isa = XCConfigurationList;
			buildConfigurations = (
				85CE37A119E5BA620044E5EC /* Debug */,
				85CE37A219E5BA620044E5EC /* Release */,
			);
			defaultConfigurationIsVisible = 0;
			defaultConfigurationName = Release;
		};
/* End XCConfigurationList section */
	};
	rootObject = 85CE376919E5BA5F0044E5EC /* Project object */;
}
